
Microsoft Visual Studio Solution File, Format Version 12.00
# Visual Studio Version 16
VisualStudioVersion = 16.0.36227.6
MinimumVisualStudioVersion = 10.0.40219.1
Project("{2150E333-8FDC-42A3-9474-1A3956D46DE8}") = "01_Full_Stack_Developer_NET", "01_Full_Stack_Developer_NET", "{02EA681E-C7D8-13C7-8484-4AC65E1B71E8}"
EndProject
Project("{2150E333-8FDC-42A3-9474-1A3956D46DE8}") = "02_Software_Architecture", "02_Software_Architecture", "{6A9940FC-1DAB-42D3-9CF7-C08171C59C64}"
EndProject
Project("{2150E333-8FDC-42A3-9474-1A3956D46DE8}") = "03_Software_Engineer_MAANG_Level_Practice", "03_Software_Engineer_MAANG_Level_Practice", "{A6132E5C-96EB-4825-98F8-77701ECF4B79}"
EndProject
Project("{2150E333-8FDC-42A3-9474-1A3956D46DE8}") = "01_01_Frontend_Development", "01_01_Frontend_Development", "{763F2292-70F9-4FBC-85AF-AD58773D0765}"
EndProject
Project("{2150E333-8FDC-42A3-9474-1A3956D46DE8}") = "01_02_Backend_Development_NET", "01_02_Backend_Development_NET", "{FBE1AF5A-0DB6-4998-854F-2ADD3F6F9279}"
EndProject
Project("{2150E333-8FDC-42A3-9474-1A3956D46DE8}") = "01_03_Database_Management", "01_03_Database_Management", "{E1958883-40A1-4D8F-8F85-08C7708097C4}"
EndProject
Project("{2150E333-8FDC-42A3-9474-1A3956D46DE8}") = "01_04_DevOps_Deployment", "01_04_DevOps_Deployment", "{D75BBB82-9CE6-4669-A8DB-77301955B63B}"
EndProject
Project("{2150E333-8FDC-42A3-9474-1A3956D46DE8}") = "01_05_Testing", "01_05_Testing", "{488D9337-9C4C-4D66-A5BA-CCCD185F0636}"
EndProject
Project("{2150E333-8FDC-42A3-9474-1A3956D46DE8}") = "01_01_01_HTML_CSS_Basics", "01_01_01_HTML_CSS_Basics", "{B94970A5-2466-4121-BAEB-37F17DB8BEA5}"
EndProject
Project("{2150E333-8FDC-42A3-9474-1A3956D46DE8}") = "01_01_02_JavaScript_Fundamentals", "01_01_02_JavaScript_Fundamentals", "{EF6CA689-64DA-4A34-B881-75E3E7C83FFA}"
EndProject
Project("{2150E333-8FDC-42A3-9474-1A3956D46DE8}") = "01_01_03_TypeScript", "01_01_03_TypeScript", "{57B54DF9-CF64-407A-92CE-164A0DEE84A0}"
EndProject
Project("{2150E333-8FDC-42A3-9474-1A3956D46DE8}") = "01_01_04_React_js", "01_01_04_React_js", "{E3F34C20-358B-450E-8E3D-AE5A008C3ABA}"
EndProject
Project("{2150E333-8FDC-42A3-9474-1A3956D46DE8}") = "01_01_05_Angular", "01_01_05_Angular", "{7F9A4AC9-1332-410A-A7F4-0388C3B2BD1A}"
EndProject
Project("{2150E333-8FDC-42A3-9474-1A3956D46DE8}") = "01_01_06_Vue_js", "01_01_06_Vue_js", "{43DE7559-02CA-465F-98EB-C736FC63124A}"
EndProject
Project("{2150E333-8FDC-42A3-9474-1A3956D46DE8}") = "01_01_07_Bootstrap_CSS_Frameworks", "01_01_07_Bootstrap_CSS_Frameworks", "{2C7BBD25-B271-4FE2-9E15-EACFA863ABB3}"
EndProject
Project("{2150E333-8FDC-42A3-9474-1A3956D46DE8}") = "01_01_08_Responsive_Design", "01_01_08_Responsive_Design", "{6187B287-D27F-4260-8CFC-00B8A33A4B89}"
EndProject
Project("{2150E333-8FDC-42A3-9474-1A3956D46DE8}") = "01_01_09_Frontend_Build_Tools", "01_01_09_Frontend_Build_Tools", "{CB5D702F-47E1-405C-9EBA-841BF2A238E5}"
EndProject
Project("{2150E333-8FDC-42A3-9474-1A3956D46DE8}") = "01_01_10_State_Management", "01_01_10_State_Management", "{4BA17DAD-1993-4982-8481-7D8F669394E4}"
EndProject
Project("{2150E333-8FDC-42A3-9474-1A3956D46DE8}") = "01_02_01_CSharp_Language_Fundamentals", "01_02_01_CSharp_Language_Fundamentals", "{181E895A-399C-4F3C-BCE7-94AC75992A37}"
EndProject
Project("{2150E333-8FDC-42A3-9474-1A3956D46DE8}") = "01_02_02_NET_Core_NET8_Framework", "01_02_02_NET_Core_NET8_Framework", "{6043C681-57E5-49D7-A74A-EB84B1017CB7}"
EndProject
Project("{2150E333-8FDC-42A3-9474-1A3956D46DE8}") = "01_02_03_ASP_NET_Core_Web_API", "01_02_03_ASP_NET_Core_Web_API", "{B6AF4878-B39B-4E03-A507-0E2554F3BD1C}"
EndProject
Project("{2150E333-8FDC-42A3-9474-1A3956D46DE8}") = "01_02_04_ASP_NET_Core_MVC", "01_02_04_ASP_NET_Core_MVC", "{B308FBD7-7D9A-44C1-BB5A-D0F1DFDDE6B5}"
EndProject
Project("{2150E333-8FDC-42A3-9474-1A3956D46DE8}") = "01_02_05_Entity_Framework_Core", "01_02_05_Entity_Framework_Core", "{8472324E-2B6B-415E-9140-C1CC638EF404}"
EndProject
Project("{2150E333-8FDC-42A3-9474-1A3956D46DE8}") = "01_02_06_LINQ", "01_02_06_LINQ", "{A242186B-11EF-4D87-9543-FCC6C9188940}"
EndProject
Project("{2150E333-8FDC-42A3-9474-1A3956D46DE8}") = "01_02_07_Dependency_Injection", "01_02_07_Dependency_Injection", "{AF29AE87-35D0-4DA3-8549-93978DF524F6}"
EndProject
Project("{2150E333-8FDC-42A3-9474-1A3956D46DE8}") = "01_02_08_Middleware", "01_02_08_Middleware", "{888D2F77-4DEF-45E7-A900-09860CF3A91F}"
EndProject
Project("{2150E333-8FDC-42A3-9474-1A3956D46DE8}") = "01_02_09_Authentication_Authorization", "01_02_09_Authentication_Authorization", "{92A22BFF-36E3-4E7A-B867-154FF4DD1F0C}"
EndProject
Project("{2150E333-8FDC-42A3-9474-1A3956D46DE8}") = "01_02_10_SignalR_Real_time_Communication", "01_02_10_SignalR_Real_time_Communication", "{3E0DA46A-0EBB-4D0E-99A8-7EB6AFA9B5E4}"
EndProject
Project("{2150E333-8FDC-42A3-9474-1A3956D46DE8}") = "01_03_01_SQL_Server_Basics", "01_03_01_SQL_Server_Basics", "{D7064969-D0BD-4C68-8E98-7A7CC14F6BC3}"
EndProject
Project("{2150E333-8FDC-42A3-9474-1A3956D46DE8}") = "01_03_02_Database_Design_Normalization", "01_03_02_Database_Design_Normalization", "{19C7CBF3-66C8-4A8E-B594-D55F63F1B65A}"
EndProject
Project("{2150E333-8FDC-42A3-9474-1A3956D46DE8}") = "01_03_03_T_SQL_Advanced_Queries", "01_03_03_T_SQL_Advanced_Queries", "{7CDA0485-1978-42FE-B552-905A6E430AF1}"
EndProject
Project("{2150E333-8FDC-42A3-9474-1A3956D46DE8}") = "01_03_04_Stored_Procedures_Functions", "01_03_04_Stored_Procedures_Functions", "{EAC7D3EF-D1D5-4D04-85E6-2A0277006E71}"
EndProject
Project("{2150E333-8FDC-42A3-9474-1A3956D46DE8}") = "01_03_05_Database_Optimization", "01_03_05_Database_Optimization", "{D808EA1C-DC64-44B7-AE79-1F10B434A444}"
EndProject
Project("{2150E333-8FDC-42A3-9474-1A3956D46DE8}") = "01_03_06_NoSQL_MongoDB_CosmosDB", "01_03_06_NoSQL_MongoDB_CosmosDB", "{3B388983-3BAB-4CF8-A787-01E82F84DDCA}"
EndProject
Project("{2150E333-8FDC-42A3-9474-1A3956D46DE8}") = "01_03_07_Redis_Caching", "01_03_07_Redis_Caching", "{621D9967-25CE-4E59-8204-345D62137540}"
EndProject
Project("{2150E333-8FDC-42A3-9474-1A3956D46DE8}") = "01_03_08_Database_Migrations", "01_03_08_Database_Migrations", "{1BBDB35B-BCEF-489A-93B4-D1EDFB790644}"
EndProject
Project("{2150E333-8FDC-42A3-9474-1A3956D46DE8}") = "01_03_09_Data_Modeling", "01_03_09_Data_Modeling", "{DB87C4DE-7A14-4D53-B6E9-4C718EFF8D87}"
EndProject
Project("{2150E333-8FDC-42A3-9474-1A3956D46DE8}") = "01_03_10_Database_Security", "01_03_10_Database_Security", "{C93D6EB2-D165-4D99-94B1-4CE93DFB86D8}"
EndProject
Project("{2150E333-8FDC-42A3-9474-1A3956D46DE8}") = "01_04_01_Git_Version_Control", "01_04_01_Git_Version_Control", "{B27DDCA3-C30C-47C5-8B5A-B0DEEFF6C039}"
EndProject
Project("{2150E333-8FDC-42A3-9474-1A3956D46DE8}") = "01_04_02_CI_CD_Pipelines", "01_04_02_CI_CD_Pipelines", "{8DBAAED7-2E39-4FCC-84C5-4818659EABC3}"
EndProject
Project("{2150E333-8FDC-42A3-9474-1A3956D46DE8}") = "01_04_03_Docker_Containerization", "01_04_03_Docker_Containerization", "{D97884E8-3524-4324-B4A9-9943ACDB1B65}"
EndProject
Project("{2150E333-8FDC-42A3-9474-1A3956D46DE8}") = "01_04_04_Azure_Cloud_Services", "01_04_04_Azure_Cloud_Services", "{D86ADE41-B44E-4286-9DF9-9A51806EF4FB}"
EndProject
Project("{2150E333-8FDC-42A3-9474-1A3956D46DE8}") = "01_04_05_AWS_Basics", "01_04_05_AWS_Basics", "{557CD587-00AF-4C74-8897-76ADA3D83109}"
EndProject
Project("{2150E333-8FDC-42A3-9474-1A3956D46DE8}") = "01_04_06_IIS_Deployment", "01_04_06_IIS_Deployment", "{41EEEA63-4955-48D8-9411-637256E529FF}"
EndProject
Project("{2150E333-8FDC-42A3-9474-1A3956D46DE8}") = "01_04_07_Linux_Server_Management", "01_04_07_Linux_Server_Management", "{709351EF-B885-43EE-8487-2B3A17003D44}"
EndProject
Project("{2150E333-8FDC-42A3-9474-1A3956D46DE8}") = "01_04_08_Monitoring_Logging", "01_04_08_Monitoring_Logging", "{EA207EF6-FC23-4600-AF51-32EC57B92556}"
EndProject
Project("{2150E333-8FDC-42A3-9474-1A3956D46DE8}") = "01_04_09_Load_Balancing", "01_04_09_Load_Balancing", "{E208BC3B-1D18-459E-B41F-BD1456EA2801}"
EndProject
Project("{2150E333-8FDC-42A3-9474-1A3956D46DE8}") = "01_04_10_Security_Best_Practices", "01_04_10_Security_Best_Practices", "{89394DA0-11BD-4A43-9C58-6B0C14368E85}"
EndProject
Project("{2150E333-8FDC-42A3-9474-1A3956D46DE8}") = "01_05_01_Unit_Testing_MSTest_NUnit_xUnit", "01_05_01_Unit_Testing_MSTest_NUnit_xUnit", "{45B7C7DC-4AE2-47A1-88EC-11F0AC0CA5DE}"
EndProject
Project("{2150E333-8FDC-42A3-9474-1A3956D46DE8}") = "01_05_02_Integration_Testing", "01_05_02_Integration_Testing", "{5BC7E3DC-84C4-4C47-AB5F-1AFDCB1732E3}"
EndProject
Project("{2150E333-8FDC-42A3-9474-1A3956D46DE8}") = "01_05_03_End_to_End_Testing", "01_05_03_End_to_End_Testing", "{6F927642-6F9F-46DF-839D-55C8EEE52C76}"
EndProject
Project("{2150E333-8FDC-42A3-9474-1A3956D46DE8}") = "01_05_04_Test_Driven_Development_TDD", "01_05_04_Test_Driven_Development_TDD", "{6A547913-9EBB-4699-824F-134D98CAB9F8}"
EndProject
Project("{2150E333-8FDC-42A3-9474-1A3956D46DE8}") = "01_05_05_Behavior_Driven_Development_BDD", "01_05_05_Behavior_Driven_Development_BDD", "{CFDD6DB5-3646-4C7D-A0B0-B7AEE5BCDE95}"
EndProject
Project("{2150E333-8FDC-42A3-9474-1A3956D46DE8}") = "01_05_06_Mocking_Frameworks", "01_05_06_Mocking_Frameworks", "{21332988-3CDB-4EFA-ABBA-AFFB2EA5B6C9}"
EndProject
Project("{2150E333-8FDC-42A3-9474-1A3956D46DE8}") = "01_05_07_Performance_Testing", "01_05_07_Performance_Testing", "{3112222F-325A-4F0B-8550-34FCC12AC8B2}"
EndProject
Project("{2150E333-8FDC-42A3-9474-1A3956D46DE8}") = "01_05_08_Security_Testing", "01_05_08_Security_Testing", "{E161903C-38E0-4EA9-9A89-14B84F5E6C58}"
EndProject
Project("{2150E333-8FDC-42A3-9474-1A3956D46DE8}") = "01_05_09_API_Testing", "01_05_09_API_Testing", "{B9D277AE-90E6-4070-96B9-388DDDAAE682}"
EndProject
Project("{2150E333-8FDC-42A3-9474-1A3956D46DE8}") = "01_05_10_Automated_Testing", "01_05_10_Automated_Testing", "{940EE947-7A88-47AF-9CA6-823C395D91A8}"
EndProject
Project("{2150E333-8FDC-42A3-9474-1A3956D46DE8}") = "02_01_Architectural_Patterns", "02_01_Architectural_Patterns", "{C791D216-EC15-4175-9B3C-C44AFA31B556}"
EndProject
Project("{2150E333-8FDC-42A3-9474-1A3956D46DE8}") = "02_02_Design_Patterns", "02_02_Design_Patterns", "{F5BF94C4-EB02-48A9-ADAE-24D27D43480F}"
EndProject
Project("{2150E333-8FDC-42A3-9474-1A3956D46DE8}") = "02_03_System_Design", "02_03_System_Design", "{4B7D1F37-AF7D-4B95-9D0D-416A7BFB9CA8}"
EndProject
Project("{2150E333-8FDC-42A3-9474-1A3956D46DE8}") = "02_04_Performance_Optimization", "02_04_Performance_Optimization", "{273CB9E0-BCAA-42E9-844A-CA3C1974310A}"
EndProject
Project("{2150E333-8FDC-42A3-9474-1A3956D46DE8}") = "02_05_Security_Architecture", "02_05_Security_Architecture", "{C13491F5-A9A4-47C1-8C9D-A5D954438166}"
EndProject
Project("{2150E333-8FDC-42A3-9474-1A3956D46DE8}") = "02_01_01_Monolithic_Architecture", "02_01_01_Monolithic_Architecture", "{1D2AD6D4-844D-4276-A1EF-1FE6B3936F7C}"
EndProject
Project("{2150E333-8FDC-42A3-9474-1A3956D46DE8}") = "02_01_02_Microservices_Architecture", "02_01_02_Microservices_Architecture", "{221310C1-CE9B-431F-B6CE-82EC5B67B0AE}"
EndProject
Project("{2150E333-8FDC-42A3-9474-1A3956D46DE8}") = "02_01_03_Service_Oriented_Architecture_SOA", "02_01_03_Service_Oriented_Architecture_SOA", "{7900A67C-31CA-43ED-8533-C1238C64B339}"
EndProject
Project("{2150E333-8FDC-42A3-9474-1A3956D46DE8}") = "02_01_04_Event_Driven_Architecture", "02_01_04_Event_Driven_Architecture", "{CA4CEEDE-A6D7-4709-BA41-B05D68BC3E1E}"
EndProject
Project("{2150E333-8FDC-42A3-9474-1A3956D46DE8}") = "02_01_05_Hexagonal_Architecture", "02_01_05_Hexagonal_Architecture", "{379A48CC-C6CB-4826-8E8C-AFFE9E3EF889}"
EndProject
Project("{2150E333-8FDC-42A3-9474-1A3956D46DE8}") = "02_01_06_Clean_Architecture", "02_01_06_Clean_Architecture", "{5C68F00C-DF4B-47F1-B34E-2B0EBD1F6823}"
EndProject
Project("{2150E333-8FDC-42A3-9474-1A3956D46DE8}") = "02_01_07_Domain_Driven_Design_DDD", "02_01_07_Domain_Driven_Design_DDD", "{3589CD5F-9051-441E-85A4-4F4FD5BDEEF6}"
EndProject
Project("{2150E333-8FDC-42A3-9474-1A3956D46DE8}") = "02_01_08_CQRS_Command_Query_Responsibility_Segregation", "02_01_08_CQRS_Command_Query_Responsibility_Segregation", "{57607747-F42F-4B24-BC74-356EA7FB46D6}"
EndProject
Project("{2150E333-8FDC-42A3-9474-1A3956D46DE8}") = "02_01_09_Event_Sourcing", "02_01_09_Event_Sourcing", "{AF92059D-B433-4563-AFDA-C0DF05588D8F}"
EndProject
Project("{2150E333-8FDC-42A3-9474-1A3956D46DE8}") = "02_01_10_Serverless_Architecture", "02_01_10_Serverless_Architecture", "{AE4EB61B-EB92-4DFA-84EF-E82C77E7B23B}"
EndProject
Project("{2150E333-8FDC-42A3-9474-1A3956D46DE8}") = "02_02_01_Creational_Patterns_Singleton_Factory_Builder", "02_02_01_Creational_Patterns_Singleton_Factory_Builder", "{D91684E4-EE86-46D9-9B03-11FDA1861771}"
EndProject
Project("{2150E333-8FDC-42A3-9474-1A3956D46DE8}") = "02_02_02_Structural_Patterns_Adapter_Decorator_Facade", "02_02_02_Structural_Patterns_Adapter_Decorator_Facade", "{0C4DA5F0-D1CC-4FCB-998F-71EB43B4B1E9}"
EndProject
Project("{2150E333-8FDC-42A3-9474-1A3956D46DE8}") = "02_02_03_Behavioral_Patterns_Observer_Strategy_Command", "02_02_03_Behavioral_Patterns_Observer_Strategy_Command", "{98C02D80-17FB-41B7-8A0F-E65F06A1D63F}"
EndProject
Project("{2150E333-8FDC-42A3-9474-1A3956D46DE8}") = "02_02_04_Enterprise_Patterns", "02_02_04_Enterprise_Patterns", "{99B20724-9D6C-4919-9A1F-CE944157E614}"
EndProject
Project("{2150E333-8FDC-42A3-9474-1A3956D46DE8}") = "02_02_05_Repository_Pattern", "02_02_05_Repository_Pattern", "{BF2AEB5E-17CC-45D7-88F0-45D1836786D9}"
EndProject
Project("{2150E333-8FDC-42A3-9474-1A3956D46DE8}") = "02_02_06_Unit_of_Work_Pattern", "02_02_06_Unit_of_Work_Pattern", "{EC91EC68-222A-45C9-853A-8058F9C9B0D9}"
EndProject
Project("{2150E333-8FDC-42A3-9474-1A3956D46DE8}") = "02_02_07_MVC_MVP_MVVM_Patterns", "02_02_07_MVC_MVP_MVVM_Patterns", "{14301148-65D5-443E-817E-FA45A283591E}"
EndProject
Project("{2150E333-8FDC-42A3-9474-1A3956D46DE8}") = "02_02_08_Dependency_Injection_Patterns", "02_02_08_Dependency_Injection_Patterns", "{B7F8992D-F7B1-49F8-8FE8-AF64090129EE}"
EndProject
Project("{2150E333-8FDC-42A3-9474-1A3956D46DE8}") = "02_02_09_Circuit_Breaker_Pattern", "02_02_09_Circuit_Breaker_Pattern", "{67ADF771-FB78-4F0C-8F14-121380EF31C6}"
EndProject
Project("{2150E333-8FDC-42A3-9474-1A3956D46DE8}") = "02_02_10_Saga_Pattern", "02_02_10_Saga_Pattern", "{10B4F085-5729-46F0-9F26-DA485274C61A}"
EndProject
Project("{2150E333-8FDC-42A3-9474-1A3956D46DE8}") = "02_03_01_Scalability_Principles", "02_03_01_Scalability_Principles", "{BB446353-BCC7-49FB-9043-FC34120C3CB2}"
EndProject
Project("{2150E333-8FDC-42A3-9474-1A3956D46DE8}") = "02_03_02_Load_Balancing_Strategies", "02_03_02_Load_Balancing_Strategies", "{29CA4241-D578-4695-BBF0-14579C3AB8B4}"
EndProject
Project("{2150E333-8FDC-42A3-9474-1A3956D46DE8}") = "02_03_03_Caching_Strategies", "02_03_03_Caching_Strategies", "{73D82AC8-EC6C-4A15-BB74-4052FC0C9942}"
EndProject
Project("{2150E333-8FDC-42A3-9474-1A3956D46DE8}") = "02_03_04_Database_Sharding", "02_03_04_Database_Sharding", "{A582122D-3EA1-4B2F-86E5-863F1D80E7DB}"
EndProject
Project("{2150E333-8FDC-42A3-9474-1A3956D46DE8}") = "02_03_05_Distributed_Systems", "02_03_05_Distributed_Systems", "{9F0A9A50-4156-4812-911A-01611B6F676B}"
EndProject
Project("{2150E333-8FDC-42A3-9474-1A3956D46DE8}") = "02_03_06_Message_Queues_Event_Buses", "02_03_06_Message_Queues_Event_Buses", "{E78B1346-881E-4F6D-9B45-40A451AAEEA8}"
EndProject
Project("{2150E333-8FDC-42A3-9474-1A3956D46DE8}") = "02_03_07_API_Gateway_Design", "02_03_07_API_Gateway_Design", "{D74FDFBC-1723-49AE-AAFC-98F30427FBD8}"
EndProject
Project("{2150E333-8FDC-42A3-9474-1A3956D46DE8}") = "02_03_08_Service_Mesh", "02_03_08_Service_Mesh", "{E13ED69C-9D50-4A3C-B731-206594246D07}"
EndProject
Project("{2150E333-8FDC-42A3-9474-1A3956D46DE8}") = "02_03_09_High_Availability_Design", "02_03_09_High_Availability_Design", "{B012655A-2A45-4DDE-B9DE-140F5A2168E0}"
EndProject
Project("{2150E333-8FDC-42A3-9474-1A3956D46DE8}") = "02_03_10_Disaster_Recovery_Planning", "02_03_10_Disaster_Recovery_Planning", "{1FD97191-7111-4EF1-B346-5529EC0B367A}"
EndProject
Project("{2150E333-8FDC-42A3-9474-1A3956D46DE8}") = "02_04_01_Performance_Profiling", "02_04_01_Performance_Profiling", "{BF6BBFAD-5875-4FA9-A6BB-CB69ED0BCEC7}"
EndProject
Project("{2150E333-8FDC-42A3-9474-1A3956D46DE8}") = "02_04_02_Memory_Management", "02_04_02_Memory_Management", "{8BA4888B-E362-46A6-BBFC-416F143C9C3B}"
EndProject
Project("{2150E333-8FDC-42A3-9474-1A3956D46DE8}") = "02_04_03_Database_Query_Optimization", "02_04_03_Database_Query_Optimization", "{6712D274-3A29-4C7B-A78F-C76A4CB00A01}"
EndProject
Project("{2150E333-8FDC-42A3-9474-1A3956D46DE8}") = "02_04_04_Caching_Implementation", "02_04_04_Caching_Implementation", "{41BDA6D1-1E95-4704-AFA8-A9F9AFA4FEA7}"
EndProject
Project("{2150E333-8FDC-42A3-9474-1A3956D46DE8}") = "02_04_05_Asynchronous_Programming", "02_04_05_Asynchronous_Programming", "{CA432BE0-AC86-4F31-B43C-0629C156CDA5}"
EndProject
Project("{2150E333-8FDC-42A3-9474-1A3956D46DE8}") = "02_04_06_Parallel_Processing", "02_04_06_Parallel_Processing", "{E76EBA32-CA38-4AF7-8B9C-95612C192ED3}"
EndProject
Project("{2150E333-8FDC-42A3-9474-1A3956D46DE8}") = "02_04_07_Network_Optimization", "02_04_07_Network_Optimization", "{CBC1B97E-F6AE-4ADD-953C-800A5A09D837}"
EndProject
Project("{2150E333-8FDC-42A3-9474-1A3956D46DE8}") = "02_04_08_Resource_Management", "02_04_08_Resource_Management", "{BFF2E359-72DB-42C7-8ACD-998415FC85D2}"
EndProject
Project("{2150E333-8FDC-42A3-9474-1A3956D46DE8}") = "02_04_09_Bottleneck_Identification", "02_04_09_Bottleneck_Identification", "{EC7C651D-FAA7-402B-AE17-F164F8D9DA75}"
EndProject
Project("{2150E333-8FDC-42A3-9474-1A3956D46DE8}") = "02_04_10_Performance_Monitoring", "02_04_10_Performance_Monitoring", "{6F96D7B1-174F-4A36-9BC4-D84FF3E9D599}"
EndProject
Project("{2150E333-8FDC-42A3-9474-1A3956D46DE8}") = "02_05_01_Authentication_Systems", "02_05_01_Authentication_Systems", "{207AD85E-5441-4134-BAFB-E0110C13168F}"
EndProject
Project("{2150E333-8FDC-42A3-9474-1A3956D46DE8}") = "02_05_02_Authorization_Models", "02_05_02_Authorization_Models", "{4385585A-AB15-4BE8-A851-FF6C8EE6EB16}"
EndProject
Project("{2150E333-8FDC-42A3-9474-1A3956D46DE8}") = "02_05_03_Data_Encryption", "02_05_03_Data_Encryption", "{92195F15-E2BF-490F-800C-B9CD97A59237}"
EndProject
Project("{2150E333-8FDC-42A3-9474-1A3956D46DE8}") = "02_05_04_Secure_Communication_HTTPS_TLS", "02_05_04_Secure_Communication_HTTPS_TLS", "{2EA47165-6E14-4F74-81A9-DC814CCDAE1E}"
EndProject
Project("{2150E333-8FDC-42A3-9474-1A3956D46DE8}") = "02_05_05_API_Security", "02_05_05_API_Security", "{DDE5279A-F816-4DFD-9326-6CBD87EF11A0}"
EndProject
Project("{2150E333-8FDC-42A3-9474-1A3956D46DE8}") = "02_05_06_OWASP_Top_10", "02_05_06_OWASP_Top_10", "{DA448B39-8050-4CD8-B2F1-4F54689A0EFA}"
EndProject
Project("{2150E333-8FDC-42A3-9474-1A3956D46DE8}") = "02_05_07_Threat_Modeling", "02_05_07_Threat_Modeling", "{8E1172E0-BFCD-4DC8-AB11-42D15F9AD9C2}"
EndProject
Project("{2150E333-8FDC-42A3-9474-1A3956D46DE8}") = "02_05_08_Security_Auditing", "02_05_08_Security_Auditing", "{F15AFEC3-A654-4608-8E31-3490289A1CFB}"
EndProject
Project("{2150E333-8FDC-42A3-9474-1A3956D46DE8}") = "02_05_09_Compliance_GDPR_HIPAA", "02_05_09_Compliance_GDPR_HIPAA", "{BD24DD00-B7E3-4DA3-8213-CB299209F6F9}"
EndProject
Project("{2150E333-8FDC-42A3-9474-1A3956D46DE8}") = "02_05_10_Penetration_Testing", "02_05_10_Penetration_Testing", "{851A0E32-A1E8-4BF6-99A7-20571BD0CD7B}"
EndProject
Project("{2150E333-8FDC-42A3-9474-1A3956D46DE8}") = "03_01_Data_Structures_Basic_to_Advanced", "03_01_Data_Structures_Basic_to_Advanced", "{8A4E3CA7-A28F-47C0-876B-944246A6C7D6}"
EndProject
Project("{2150E333-8FDC-42A3-9474-1A3956D46DE8}") = "03_02_Algorithms_Basic_to_Advanced", "03_02_Algorithms_Basic_to_Advanced", "{38A09486-F0C7-4A17-817C-F89CB857C69D}"
EndProject
Project("{2150E333-8FDC-42A3-9474-1A3956D46DE8}") = "03_03_Problem_Solving_Patterns", "03_03_Problem_Solving_Patterns", "{FFA31367-2ED1-4DC3-A0D0-5493A85B4314}"
EndProject
Project("{2150E333-8FDC-42A3-9474-1A3956D46DE8}") = "03_04_System_Design_MAANG_Level", "03_04_System_Design_MAANG_Level", "{23D37689-480E-4EFA-993A-2AC0D634FE9D}"
EndProject
Project("{2150E333-8FDC-42A3-9474-1A3956D46DE8}") = "03_05_Behavioral_Soft_Skills", "03_05_Behavioral_Soft_Skills", "{60456731-AB96-45AB-ADB9-788A7B26E929}"
EndProject
Project("{2150E333-8FDC-42A3-9474-1A3956D46DE8}") = "03_06_Coding_Interview_Prep", "03_06_Coding_Interview_Prep", "{004BCC60-EB02-40D3-B2A2-06AF9FC499C7}"
EndProject
Project("{2150E333-8FDC-42A3-9474-1A3956D46DE8}") = "03_07_Advanced_Topics", "03_07_Advanced_Topics", "{6E93094A-6E9B-45FE-A27A-74B9E40567B6}"
EndProject
Project("{2150E333-8FDC-42A3-9474-1A3956D46DE8}") = "03_08_Industry_Best_Practices", "03_08_Industry_Best_Practices", "{C2A4C880-A055-4799-B034-2275A0236334}"
EndProject
Project("{2150E333-8FDC-42A3-9474-1A3956D46DE8}") = "03_01_01_Arrays_Strings", "03_01_01_Arrays_Strings", "{24A52B75-457B-4909-B302-EE7EBAEDF509}"
EndProject
Project("{2150E333-8FDC-42A3-9474-1A3956D46DE8}") = "03_01_02_Linked_Lists", "03_01_02_Linked_Lists", "{373C3948-848D-4FB0-975F-065AB2697FBD}"
EndProject
Project("{2150E333-8FDC-42A3-9474-1A3956D46DE8}") = "03_01_03_Stacks_Queues", "03_01_03_Stacks_Queues", "{4CA61714-40EB-48FE-A11B-3CFB1358970C}"
EndProject
Project("{2150E333-8FDC-42A3-9474-1A3956D46DE8}") = "03_01_04_Hash_Tables_Hash_Maps", "03_01_04_Hash_Tables_Hash_Maps", "{CF19672F-4CAB-4153-9E3A-6E235D096D70}"
EndProject
Project("{2150E333-8FDC-42A3-9474-1A3956D46DE8}") = "03_01_05_Trees_Binary_BST_AVL", "03_01_05_Trees_Binary_BST_AVL", "{B1F615E6-12F5-4FBE-B9C1-8ED036897EC8}"
EndProject
Project("{2150E333-8FDC-42A3-9474-1A3956D46DE8}") = "03_01_06_Heaps_Priority_Queues", "03_01_06_Heaps_Priority_Queues", "{6454ED01-8C56-495D-B7F7-B1BC58622665}"
EndProject
Project("{2150E333-8FDC-42A3-9474-1A3956D46DE8}") = "03_01_07_Graphs_Graph_Algorithms", "03_01_07_Graphs_Graph_Algorithms", "{9653E9F7-6BBE-45CF-8EE1-8F40D07C70CC}"
EndProject
Project("{2150E333-8FDC-42A3-9474-1A3956D46DE8}") = "03_01_08_Tries", "03_01_08_Tries", "{D4BBEE6D-9B6C-4236-B5DF-DA04E111295A}"
EndProject
Project("{2150E333-8FDC-42A3-9474-1A3956D46DE8}") = "03_01_09_Advanced_Trees_B_trees_Red_Black", "03_01_09_Advanced_Trees_B_trees_Red_Black", "{8C673211-E56D-4F37-A2F6-436A14999F93}"
EndProject
Project("{2150E333-8FDC-42A3-9474-1A3956D46DE8}") = "03_01_10_Disjoint_Set_Union_Find", "03_01_10_Disjoint_Set_Union_Find", "{BD3B7621-23D9-40A4-8651-C1585B5D81DE}"
EndProject
Project("{2150E333-8FDC-42A3-9474-1A3956D46DE8}") = "03_02_01_Sorting_Algorithms", "03_02_01_Sorting_Algorithms", "{9DA44292-E8F0-46DE-B518-E58F2EAA7795}"
EndProject
Project("{2150E333-8FDC-42A3-9474-1A3956D46DE8}") = "03_02_02_Searching_Algorithms", "03_02_02_Searching_Algorithms", "{CD7D1F9B-1BB5-41EE-AF34-02120AB02035}"
EndProject
Project("{2150E333-8FDC-42A3-9474-1A3956D46DE8}") = "03_02_03_Two_Pointers_Technique", "03_02_03_Two_Pointers_Technique", "{FB4C573C-0C75-48C9-8D91-E79FF7035831}"
EndProject
Project("{2150E333-8FDC-42A3-9474-1A3956D46DE8}") = "03_02_04_Sliding_Window", "03_02_04_Sliding_Window", "{4FEEB0D1-D63E-401F-B82F-03E2506EE774}"
EndProject
Project("{2150E333-8FDC-42A3-9474-1A3956D46DE8}") = "03_02_05_Recursion_Backtracking", "03_02_05_Recursion_Backtracking", "{06262F03-F5DA-4824-9252-0127FC9A3ECD}"
EndProject
Project("{2150E333-8FDC-42A3-9474-1A3956D46DE8}") = "03_02_06_Dynamic_Programming", "03_02_06_Dynamic_Programming", "{6BD7B0AF-9C95-46CA-91B3-A59776017058}"
EndProject
Project("{2150E333-8FDC-42A3-9474-1A3956D46DE8}") = "03_02_07_Greedy_Algorithms", "03_02_07_Greedy_Algorithms", "{FBE7E364-AAED-4F5E-BF0A-00778AE185F5}"
EndProject
Project("{2150E333-8FDC-42A3-9474-1A3956D46DE8}") = "03_02_08_Divide_Conquer", "03_02_08_Divide_Conquer", "{ED55BA88-331C-4ABF-9174-DA4D6E91305A}"
EndProject
Project("{2150E333-8FDC-42A3-9474-1A3956D46DE8}") = "03_02_09_Graph_Algorithms_DFS_BFS_Dijkstra", "03_02_09_Graph_Algorithms_DFS_BFS_Dijkstra", "{D839B11C-5A79-417F-9C64-C482A5EA4A71}"
EndProject
Project("{2150E333-8FDC-42A3-9474-1A3956D46DE8}") = "03_02_10_Advanced_Algorithms_KMP_Rabin_Karp", "03_02_10_Advanced_Algorithms_KMP_Rabin_Karp", "{4B7392D8-8C49-439F-B36F-F6A9B4AEB8D7}"
EndProject
Project("{2150E333-8FDC-42A3-9474-1A3956D46DE8}") = "03_04_01_Design_Scalable_Web_Applications", "03_04_01_Design_Scalable_Web_Applications", "{A16486F8-59DE-40A4-9A35-E7B7C1F2E9C1}"
EndProject
Project("{2150E333-8FDC-42A3-9474-1A3956D46DE8}") = "03_04_02_Design_Chat_Systems_WhatsApp_Slack", "03_04_02_Design_Chat_Systems_WhatsApp_Slack", "{1A1611EB-8911-4177-A2F3-1586446708A7}"
EndProject
Project("{2150E333-8FDC-42A3-9474-1A3956D46DE8}") = "03_04_03_Design_Social_Media_Platforms", "03_04_03_Design_Social_Media_Platforms", "{7CF6F3A9-485D-4014-A3B7-B9AB3F01F0F4}"
EndProject
Project("{2150E333-8FDC-42A3-9474-1A3956D46DE8}") = "03_04_04_Design_URL_Shortener_bit_ly", "03_04_04_Design_URL_Shortener_bit_ly", "{E964AEDB-ED3C-40A6-961A-D9E084B06655}"
EndProject
Project("{2150E333-8FDC-42A3-9474-1A3956D46DE8}") = "03_04_05_Design_Search_Engines", "03_04_05_Design_Search_Engines", "{62BD6DB5-D369-451F-98DE-452B880317C6}"
EndProject
Project("{2150E333-8FDC-42A3-9474-1A3956D46DE8}") = "03_04_06_Design_Distributed_Cache", "03_04_06_Design_Distributed_Cache", "{E2034900-ED91-4532-AC43-2108F318CE19}"
EndProject
Project("{2150E333-8FDC-42A3-9474-1A3956D46DE8}") = "03_04_07_Design_Video_Streaming_YouTube_Netflix", "03_04_07_Design_Video_Streaming_YouTube_Netflix", "{B85FE7F3-7481-40D1-8DFB-3619FAED0C9F}"
EndProject
Project("{2150E333-8FDC-42A3-9474-1A3956D46DE8}") = "03_04_08_Design_Ride_Sharing_Apps_Uber_Lyft", "03_04_08_Design_Ride_Sharing_Apps_Uber_Lyft", "{E781E0F6-F074-4E06-8947-4D391B1156EC}"
EndProject
Project("{2150E333-8FDC-42A3-9474-1A3956D46DE8}") = "03_04_09_Design_Payment_Systems", "03_04_09_Design_Payment_Systems", "{7020CDC1-566A-4927-B851-4885227417BB}"
EndProject
Project("{2150E333-8FDC-42A3-9474-1A3956D46DE8}") = "03_04_10_Design_Analytics_Platforms", "03_04_10_Design_Analytics_Platforms", "{DA49F718-9EE0-4CCE-B037-83846DEE1293}"
EndProject
Project("{2150E333-8FDC-42A3-9474-1A3956D46DE8}") = "03_05_01_Leadership_Principles", "03_05_01_Leadership_Principles", "{0FB65CB0-FAB2-4996-8D71-76FD3C9BA29A}"
EndProject
Project("{2150E333-8FDC-42A3-9474-1A3956D46DE8}") = "03_05_02_Problem_Solving_Approach", "03_05_02_Problem_Solving_Approach", "{41E52462-F5DF-4ECE-BEB6-EDE2CC6C75E5}"
EndProject
Project("{2150E333-8FDC-42A3-9474-1A3956D46DE8}") = "03_05_03_Communication_Skills", "03_05_03_Communication_Skills", "{2C11011D-F860-43CB-8747-7B505E659617}"
EndProject
Project("{2150E333-8FDC-42A3-9474-1A3956D46DE8}") = "03_05_04_Team_Collaboration", "03_05_04_Team_Collaboration", "{2E6CCFD2-AE11-49DE-8DA6-7396B7BC51D1}"
EndProject
Project("{2150E333-8FDC-42A3-9474-1A3956D46DE8}") = "03_05_05_Conflict_Resolution", "03_05_05_Conflict_Resolution", "{755038D3-64A2-41BD-9477-402B71890CEF}"
EndProject
Project("{2150E333-8FDC-42A3-9474-1A3956D46DE8}") = "03_05_06_Time_Management", "03_05_06_Time_Management", "{07544544-510B-4508-AFEA-7373B176918B}"
EndProject
Project("{2150E333-8FDC-42A3-9474-1A3956D46DE8}") = "03_05_07_Code_Review_Practices", "03_05_07_Code_Review_Practices", "{6EC58A16-E684-48AA-8A3B-B2E7B302D12B}"
EndProject
Project("{2150E333-8FDC-42A3-9474-1A3956D46DE8}") = "03_05_08_Mentoring_Teaching", "03_05_08_Mentoring_Teaching", "{8B0B8B84-02E1-4F38-9C3C-B865F49FFBD0}"
EndProject
Project("{2150E333-8FDC-42A3-9474-1A3956D46DE8}") = "03_05_09_Technical_Presentation", "03_05_09_Technical_Presentation", "{4FC7AF7C-CCE5-4004-99DA-C7FCD519BDA8}"
EndProject
Project("{2150E333-8FDC-42A3-9474-1A3956D46DE8}") = "03_05_10_Interview_Preparation", "03_05_10_Interview_Preparation", "{8E8BE4F9-FB64-487A-868C-185481816AF7}"
EndProject
Project("{2150E333-8FDC-42A3-9474-1A3956D46DE8}") = "03_06_01_LeetCode_Easy_Problems_1_100", "03_06_01_LeetCode_Easy_Problems_1_100", "{2EC99A11-78D4-4C9B-9A49-0AFFFC049C3C}"
EndProject
Project("{2150E333-8FDC-42A3-9474-1A3956D46DE8}") = "03_06_02_LeetCode_Medium_Problems_1_200", "03_06_02_LeetCode_Medium_Problems_1_200", "{1E22C94D-390B-4157-9948-1896509E2904}"
EndProject
Project("{2150E333-8FDC-42A3-9474-1A3956D46DE8}") = "03_06_03_LeetCode_Hard_Problems_1_100", "03_06_03_LeetCode_Hard_Problems_1_100", "{9E3DE383-09C5-4DAB-A327-F294A24267CA}"
EndProject
Project("{2150E333-8FDC-42A3-9474-1A3956D46DE8}") = "03_06_04_Company_Specific_Questions", "03_06_04_Company_Specific_Questions", "{62D8BB52-2E22-45A2-A09C-DEF93C310AF3}"
EndProject
Project("{2150E333-8FDC-42A3-9474-1A3956D46DE8}") = "03_06_05_Mock_Interviews", "03_06_05_Mock_Interviews", "{7B8F668F-25FD-454C-9DF7-A3C29F33C7C9}"
EndProject
Project("{2150E333-8FDC-42A3-9474-1A3956D46DE8}") = "03_06_06_Whiteboard_Coding", "03_06_06_Whiteboard_Coding", "{9C21D6AE-1452-4F09-8E67-164B392B4FC4}"
EndProject
Project("{2150E333-8FDC-42A3-9474-1A3956D46DE8}") = "03_06_07_Code_Optimization_Techniques", "03_06_07_Code_Optimization_Techniques", "{3A6E10A5-1B01-4471-B4C7-076EE178419F}"
EndProject
Project("{2150E333-8FDC-42A3-9474-1A3956D46DE8}") = "03_06_08_Edge_Case_Handling", "03_06_08_Edge_Case_Handling", "{9817D590-9195-40BD-9C41-3FB2E477B449}"
EndProject
Project("{2150E333-8FDC-42A3-9474-1A3956D46DE8}") = "03_06_09_Time_Space_Complexity_Analysis", "03_06_09_Time_Space_Complexity_Analysis", "{1FC8BD94-5F1F-458A-ABCE-491A3CDEE86C}"
EndProject
Project("{2150E333-8FDC-42A3-9474-1A3956D46DE8}") = "03_06_10_Live_Coding_Practice", "03_06_10_Live_Coding_Practice", "{022C1BD7-5C27-4171-B2F3-6E46EA55B35A}"
EndProject
Project("{2150E333-8FDC-42A3-9474-1A3956D46DE8}") = "03_07_01_Distributed_Systems_Concepts", "03_07_01_Distributed_Systems_Concepts", "{AC599A54-6FF1-48E0-AAC6-0DAC76EEC1D2}"
EndProject
Project("{2150E333-8FDC-42A3-9474-1A3956D46DE8}") = "03_07_02_Concurrency_Multithreading", "03_07_02_Concurrency_Multithreading", "{129D0FB5-5282-4048-9399-3FE340BA3ABA}"
EndProject
Project("{2150E333-8FDC-42A3-9474-1A3956D46DE8}") = "03_07_03_Database_Internals", "03_07_03_Database_Internals", "{FFD0451D-3E7F-4B4C-AF69-025CDAC47435}"
EndProject
Project("{2150E333-8FDC-42A3-9474-1A3956D46DE8}") = "03_07_04_Network_Protocols", "03_07_04_Network_Protocols", "{54D3C329-23D2-457F-9DC1-0D219F0FD26E}"
EndProject
Project("{2150E333-8FDC-42A3-9474-1A3956D46DE8}") = "03_07_05_Operating_System_Concepts", "03_07_05_Operating_System_Concepts", "{43916103-B043-4D74-B8B6-4D992676ED45}"
EndProject
Project("{2150E333-8FDC-42A3-9474-1A3956D46DE8}") = "03_07_06_Compiler_Design_Basics", "03_07_06_Compiler_Design_Basics", "{C4FAA3BF-D4AC-4CE4-9F53-211FF916AC80}"
EndProject
Project("{2150E333-8FDC-42A3-9474-1A3956D46DE8}") = "03_07_07_Machine_Learning_Integration", "03_07_07_Machine_Learning_Integration", "{862DCA3B-FF36-4073-9990-477376F10CDC}"
EndProject
Project("{2150E333-8FDC-42A3-9474-1A3956D46DE8}") = "03_07_08_Blockchain_Fundamentals", "03_07_08_Blockchain_Fundamentals", "{C91CCF9C-3008-4232-95A1-9F962F4E2B07}"
EndProject
Project("{2150E333-8FDC-42A3-9474-1A3956D46DE8}") = "03_07_09_Cloud_Computing_Patterns", "03_07_09_Cloud_Computing_Patterns", "{37C8DA6A-14E4-4595-81C8-8FE25995B36E}"
EndProject
Project("{2150E333-8FDC-42A3-9474-1A3956D46DE8}") = "03_07_10_Performance_Engineering", "03_07_10_Performance_Engineering", "{19264EE0-FD6A-48EC-832D-7F2A17DBDBC1}"
EndProject
Project("{2150E333-8FDC-42A3-9474-1A3956D46DE8}") = "03_08_01_Clean_Code_Principles", "03_08_01_Clean_Code_Principles", "{4FF77D3E-D3DB-4C86-ACBE-7A21AA133F7A}"
EndProject
Project("{2150E333-8FDC-42A3-9474-1A3956D46DE8}") = "03_08_02_SOLID_Principles", "03_08_02_SOLID_Principles", "{8540B447-F75F-4F1E-9744-1AD052EF04ED}"
EndProject
Project("{2150E333-8FDC-42A3-9474-1A3956D46DE8}") = "03_08_03_Code_Documentation", "03_08_03_Code_Documentation", "{D3DF0A58-24F9-468A-8F01-7618C251DD02}"
EndProject
Project("{2150E333-8FDC-42A3-9474-1A3956D46DE8}") = "03_08_04_Version_Control_Best_Practices", "03_08_04_Version_Control_Best_Practices", "{715D3282-B57F-4622-87B7-977F3EF141C8}"
EndProject
Project("{2150E333-8FDC-42A3-9474-1A3956D46DE8}") = "03_08_05_Agile_Methodologies", "03_08_05_Agile_Methodologies", "{8C7D0235-2522-43E9-B017-43916CB4DE2A}"
EndProject
Project("{2150E333-8FDC-42A3-9474-1A3956D46DE8}") = "03_08_06_DevOps_Integration", "03_08_06_DevOps_Integration", "{67CCAA21-C24E-424F-8309-5AC69F0F0015}"
EndProject
Project("{2150E333-8FDC-42A3-9474-1A3956D46DE8}") = "03_08_07_Continuous_Learning", "03_08_07_Continuous_Learning", "{1B241B92-5FF2-4767-8D97-46503F52128C}"
EndProject
Project("{2150E333-8FDC-42A3-9474-1A3956D46DE8}") = "03_08_08_Technical_Debt_Management", "03_08_08_Technical_Debt_Management", "{719FD349-F95D-4CB5-A41E-A8AA776EBFC8}"
EndProject
Project("{2150E333-8FDC-42A3-9474-1A3956D46DE8}") = "03_08_09_Security_Best_Practices", "03_08_09_Security_Best_Practices", "{860D7244-6862-4289-BA46-F4BAACA23568}"
EndProject
Project("{2150E333-8FDC-42A3-9474-1A3956D46DE8}") = "03_08_10_Monitoring_Observability", "03_08_10_Monitoring_Observability", "{CCCF0F9B-16E5-421A-A57E-41C9F65CD495}"
EndProject
Project("{2150E333-8FDC-42A3-9474-1A3956D46DE8}") = "API_VillageDonateStore", "API_VillageDonateStore", "{A1C255BA-D6F6-4761-94D5-056F90D93C8E}"
EndProject
Project("{9A19103F-16F7-4668-BE54-9A1E7A4F7556}") = "VillageDonateStoreProject", "VillageDonateStoreProject\VillageDonateStoreProject.csproj", "{A48AA0DE-0880-4C60-BE47-922AFEF9D473}"
EndProject
Project("{2150E333-8FDC-42A3-9474-1A3956D46DE8}") = "01_API_Basic", "01_API_Basic", "{3AAED116-4A00-4010-B766-EE389BB544B0}"
EndProject
Project("{2150E333-8FDC-42A3-9474-1A3956D46DE8}") = "01_API_Basic", "01_API_Basic", "{0F54FB37-C2C9-4E37-ACE8-9EE7B15323AE}"
EndProject
Project("{2150E333-8FDC-42A3-9474-1A3956D46DE8}") = "Chapter_1_Getting Started with SELECT", "Chapter_1_Getting Started with SELECT", "{F5A74AF4-5DFE-49A2-B453-5717D9005BE9}"
	ProjectSection(SolutionItems) = preProject
		Getting Started With Search.txt = Getting Started With Search.txt
	EndProjectSection
EndProject
Project("{2150E333-8FDC-42A3-9474-1A3956D46DE8}") = "Chapter_2_Elementary Programming", "Chapter_2_Elementary Programming", "{F200B4C5-A2D1-457F-AC29-8A39D7AB270E}"
	ProjectSection(SolutionItems) = preProject
		Chapter 2 Elementary Programming.txt = Chapter 2 Elementary Programming.txt
	EndProjectSection
EndProject
Project("{2150E333-8FDC-42A3-9474-1A3956D46DE8}") = "Chapter_3_NULLs and Other Pitfalls", "Chapter_3_NULLs and Other Pitfalls", "{F711CB4B-C667-48D7-9C79-4AFE7AC2021B}"
	ProjectSection(SolutionItems) = preProject
		Chapter 3_NULLs and Other Pitfalls.txt = Chapter 3_NULLs and Other Pitfalls.txt
	EndProjectSection
EndProject
Project("{9A19103F-16F7-4668-BE54-9A1E7A4F7556}") = "ArrayProblems", "ArrayProblems\ArrayProblems.csproj", "{D387097E-8D67-4DCF-9AF7-3CEA614A7CBE}"
EndProject
Project("{2150E333-8FDC-42A3-9474-1A3956D46DE8}") = "01_02_00_Basic", "01_02_00_Basic", "{3E348903-7205-4279-8A83-810076B9F493}"
EndProject
Project("{2150E333-8FDC-42A3-9474-1A3956D46DE8}") = "01_02_01_Opps", "01_02_01_Opps", "{F3F25AD6-4378-42D7-B657-C3B856039A4C}"
EndProject
Project("{2150E333-8FDC-42A3-9474-1A3956D46DE8}") = "01_02_02_SOLID_Principle", "01_02_02_SOLID_Principle", "{05E7F441-04C8-403D-B5D6-56C38457EAAF}"
EndProject
Project("{2150E333-8FDC-42A3-9474-1A3956D46DE8}") = "1_SingleResponsibilityPrinciple", "1_SingleResponsibilityPrinciple", "{DD2B583D-B3A9-4D7A-A015-C73B4A76E684}"
EndProject
Project("{2150E333-8FDC-42A3-9474-1A3956D46DE8}") = "2_OpenClosePrinciple", "2_OpenClosePrinciple", "{113E8E4C-A555-4193-8313-0F59B8540F26}"
EndProject
Project("{2150E333-8FDC-42A3-9474-1A3956D46DE8}") = "3_LiskovsubstitutionPrinciple", "3_LiskovsubstitutionPrinciple", "{DB7C1B56-861C-41CC-9C48-6720D32F2D53}"
EndProject
Project("{2150E333-8FDC-42A3-9474-1A3956D46DE8}") = "4_InterfaceSegregationPrinciple", "4_InterfaceSegregationPrinciple", "{8AD0C2FB-3C97-42D8-848E-F4F02973F784}"
EndProject
Project("{2150E333-8FDC-42A3-9474-1A3956D46DE8}") = "5_DependencyInversionPrinciple", "5_DependencyInversionPrinciple", "{E2FFD391-C417-4F99-9C13-B4F6CA1CD58A}"
EndProject
Project("{2150E333-8FDC-42A3-9474-1A3956D46DE8}") = "WithoutSRP", "WithoutSRP", "{89788EE4-4DF2-4F84-95C4-CD26B3FF69CF}"
EndProject
Project("{9A19103F-16F7-4668-BE54-9A1E7A4F7556}") = "SRP_Without", "SRP_Without\SRP_Without.csproj", "{54166016-5D7D-497C-8328-896C19AD1617}"
EndProject
Project("{2150E333-8FDC-42A3-9474-1A3956D46DE8}") = "Portfolio", "Portfolio", "{30440FF7-067E-42F2-A0F4-ED04E0F064DD}"
EndProject
Project("{FAE04EC0-301F-11D3-BF4B-00C04F79EFBC}") = "00_Basic", "00_Basic\00_Basic.csproj", "{86956D94-7C32-4CA1-8E0B-E7C52C033065}"
EndProject
Project("{FAE04EC0-301F-11D3-BF4B-00C04F79EFBC}") = "00_Basic.Models", "00_Basic.Models\00_Basic.Models.csproj", "{459FBC75-6673-41E3-A623-099C29E4E111}"
EndProject
Project("{2150E333-8FDC-42A3-9474-1A3956D46DE8}") = "02_API_BasicRouteParameterAndQueryString", "02_API_BasicRouteParameterAndQueryString", "{04062B9C-7A3A-4A75-B2A3-E76DD861D40D}"
EndProject
Project("{FAE04EC0-301F-11D3-BF4B-00C04F79EFBC}") = "RouteParamtersAndQueryStrings", "RouteParamtersAndQueryStrings\RouteParamtersAndQueryStrings.csproj", "{05DC0AAA-BFE6-42D3-8209-B7D55FBD2D99}"
EndProject
Project("{2150E333-8FDC-42A3-9474-1A3956D46DE8}") = "03_API_MultipleUrlsSingleResources", "03_API_MultipleUrlsSingleResources", "{2346105F-1E94-4841-952A-2BC6CC7F7EE0}"
EndProject
Project("{FAE04EC0-301F-11D3-BF4B-00C04F79EFBC}") = "MultipleUrlsSingleResoures", "MultipleUrlsSingleResoures\MultipleUrlsSingleResoures.csproj", "{C4B0BC6C-3EAB-4949-8DE2-38B75CBF5D4A}"
EndProject
Global
	GlobalSection(SolutionConfigurationPlatforms) = preSolution
		Debug|Any CPU = Debug|Any CPU
		Release|Any CPU = Release|Any CPU
	EndGlobalSection
	GlobalSection(ProjectConfigurationPlatforms) = postSolution
		{A48AA0DE-0880-4C60-BE47-922AFEF9D473}.Debug|Any CPU.ActiveCfg = Debug|Any CPU
		{A48AA0DE-0880-4C60-BE47-922AFEF9D473}.Debug|Any CPU.Build.0 = Debug|Any CPU
		{A48AA0DE-0880-4C60-BE47-922AFEF9D473}.Release|Any CPU.ActiveCfg = Release|Any CPU
		{A48AA0DE-0880-4C60-BE47-922AFEF9D473}.Release|Any CPU.Build.0 = Release|Any CPU
		{D387097E-8D67-4DCF-9AF7-3CEA614A7CBE}.Debug|Any CPU.ActiveCfg = Debug|Any CPU
		{D387097E-8D67-4DCF-9AF7-3CEA614A7CBE}.Debug|Any CPU.Build.0 = Debug|Any CPU
		{D387097E-8D67-4DCF-9AF7-3CEA614A7CBE}.Release|Any CPU.ActiveCfg = Release|Any CPU
		{D387097E-8D67-4DCF-9AF7-3CEA614A7CBE}.Release|Any CPU.Build.0 = Release|Any CPU
		{54166016-5D7D-497C-8328-896C19AD1617}.Debug|Any CPU.ActiveCfg = Debug|Any CPU
		{54166016-5D7D-497C-8328-896C19AD1617}.Debug|Any CPU.Build.0 = Debug|Any CPU
		{54166016-5D7D-497C-8328-896C19AD1617}.Release|Any CPU.ActiveCfg = Release|Any CPU
		{54166016-5D7D-497C-8328-896C19AD1617}.Release|Any CPU.Build.0 = Release|Any CPU
		{86956D94-7C32-4CA1-8E0B-E7C52C033065}.Debug|Any CPU.ActiveCfg = Debug|Any CPU
		{86956D94-7C32-4CA1-8E0B-E7C52C033065}.Debug|Any CPU.Build.0 = Debug|Any CPU
		{86956D94-7C32-4CA1-8E0B-E7C52C033065}.Release|Any CPU.ActiveCfg = Release|Any CPU
		{86956D94-7C32-4CA1-8E0B-E7C52C033065}.Release|Any CPU.Build.0 = Release|Any CPU
		{459FBC75-6673-41E3-A623-099C29E4E111}.Debug|Any CPU.ActiveCfg = Debug|Any CPU
		{459FBC75-6673-41E3-A623-099C29E4E111}.Debug|Any CPU.Build.0 = Debug|Any CPU
		{459FBC75-6673-41E3-A623-099C29E4E111}.Release|Any CPU.ActiveCfg = Release|Any CPU
		{459FBC75-6673-41E3-A623-099C29E4E111}.Release|Any CPU.Build.0 = Release|Any CPU
		{05DC0AAA-BFE6-42D3-8209-B7D55FBD2D99}.Debug|Any CPU.ActiveCfg = Debug|Any CPU
		{05DC0AAA-BFE6-42D3-8209-B7D55FBD2D99}.Debug|Any CPU.Build.0 = Debug|Any CPU
		{05DC0AAA-BFE6-42D3-8209-B7D55FBD2D99}.Release|Any CPU.ActiveCfg = Release|Any CPU
		{05DC0AAA-BFE6-42D3-8209-B7D55FBD2D99}.Release|Any CPU.Build.0 = Release|Any CPU
		{C4B0BC6C-3EAB-4949-8DE2-38B75CBF5D4A}.Debug|Any CPU.ActiveCfg = Debug|Any CPU
		{C4B0BC6C-3EAB-4949-8DE2-38B75CBF5D4A}.Debug|Any CPU.Build.0 = Debug|Any CPU
		{C4B0BC6C-3EAB-4949-8DE2-38B75CBF5D4A}.Release|Any CPU.ActiveCfg = Release|Any CPU
		{C4B0BC6C-3EAB-4949-8DE2-38B75CBF5D4A}.Release|Any CPU.Build.0 = Release|Any CPU
	EndGlobalSection
	GlobalSection(SolutionProperties) = preSolution
		HideSolutionNode = FALSE
	EndGlobalSection
	GlobalSection(NestedProjects) = preSolution
		{763F2292-70F9-4FBC-85AF-AD58773D0765} = {02EA681E-C7D8-13C7-8484-4AC65E1B71E8}
		{FBE1AF5A-0DB6-4998-854F-2ADD3F6F9279} = {02EA681E-C7D8-13C7-8484-4AC65E1B71E8}
		{E1958883-40A1-4D8F-8F85-08C7708097C4} = {02EA681E-C7D8-13C7-8484-4AC65E1B71E8}
		{D75BBB82-9CE6-4669-A8DB-77301955B63B} = {02EA681E-C7D8-13C7-8484-4AC65E1B71E8}
		{488D9337-9C4C-4D66-A5BA-CCCD185F0636} = {02EA681E-C7D8-13C7-8484-4AC65E1B71E8}
		{B94970A5-2466-4121-BAEB-37F17DB8BEA5} = {763F2292-70F9-4FBC-85AF-AD58773D0765}
		{EF6CA689-64DA-4A34-B881-75E3E7C83FFA} = {763F2292-70F9-4FBC-85AF-AD58773D0765}
		{57B54DF9-CF64-407A-92CE-164A0DEE84A0} = {763F2292-70F9-4FBC-85AF-AD58773D0765}
		{E3F34C20-358B-450E-8E3D-AE5A008C3ABA} = {763F2292-70F9-4FBC-85AF-AD58773D0765}
		{7F9A4AC9-1332-410A-A7F4-0388C3B2BD1A} = {763F2292-70F9-4FBC-85AF-AD58773D0765}
		{43DE7559-02CA-465F-98EB-C736FC63124A} = {763F2292-70F9-4FBC-85AF-AD58773D0765}
		{2C7BBD25-B271-4FE2-9E15-EACFA863ABB3} = {763F2292-70F9-4FBC-85AF-AD58773D0765}
		{6187B287-D27F-4260-8CFC-00B8A33A4B89} = {763F2292-70F9-4FBC-85AF-AD58773D0765}
		{CB5D702F-47E1-405C-9EBA-841BF2A238E5} = {763F2292-70F9-4FBC-85AF-AD58773D0765}
		{4BA17DAD-1993-4982-8481-7D8F669394E4} = {763F2292-70F9-4FBC-85AF-AD58773D0765}
		{181E895A-399C-4F3C-BCE7-94AC75992A37} = {FBE1AF5A-0DB6-4998-854F-2ADD3F6F9279}
		{6043C681-57E5-49D7-A74A-EB84B1017CB7} = {FBE1AF5A-0DB6-4998-854F-2ADD3F6F9279}
		{B6AF4878-B39B-4E03-A507-0E2554F3BD1C} = {FBE1AF5A-0DB6-4998-854F-2ADD3F6F9279}
		{B308FBD7-7D9A-44C1-BB5A-D0F1DFDDE6B5} = {FBE1AF5A-0DB6-4998-854F-2ADD3F6F9279}
		{8472324E-2B6B-415E-9140-C1CC638EF404} = {FBE1AF5A-0DB6-4998-854F-2ADD3F6F9279}
		{A242186B-11EF-4D87-9543-FCC6C9188940} = {FBE1AF5A-0DB6-4998-854F-2ADD3F6F9279}
		{AF29AE87-35D0-4DA3-8549-93978DF524F6} = {FBE1AF5A-0DB6-4998-854F-2ADD3F6F9279}
		{888D2F77-4DEF-45E7-A900-09860CF3A91F} = {FBE1AF5A-0DB6-4998-854F-2ADD3F6F9279}
		{92A22BFF-36E3-4E7A-B867-154FF4DD1F0C} = {FBE1AF5A-0DB6-4998-854F-2ADD3F6F9279}
		{3E0DA46A-0EBB-4D0E-99A8-7EB6AFA9B5E4} = {FBE1AF5A-0DB6-4998-854F-2ADD3F6F9279}
		{D7064969-D0BD-4C68-8E98-7A7CC14F6BC3} = {E1958883-40A1-4D8F-8F85-08C7708097C4}
		{19C7CBF3-66C8-4A8E-B594-D55F63F1B65A} = {E1958883-40A1-4D8F-8F85-08C7708097C4}
		{7CDA0485-1978-42FE-B552-905A6E430AF1} = {E1958883-40A1-4D8F-8F85-08C7708097C4}
		{EAC7D3EF-D1D5-4D04-85E6-2A0277006E71} = {E1958883-40A1-4D8F-8F85-08C7708097C4}
		{D808EA1C-DC64-44B7-AE79-1F10B434A444} = {E1958883-40A1-4D8F-8F85-08C7708097C4}
		{3B388983-3BAB-4CF8-A787-01E82F84DDCA} = {E1958883-40A1-4D8F-8F85-08C7708097C4}
		{621D9967-25CE-4E59-8204-345D62137540} = {E1958883-40A1-4D8F-8F85-08C7708097C4}
		{1BBDB35B-BCEF-489A-93B4-D1EDFB790644} = {E1958883-40A1-4D8F-8F85-08C7708097C4}
		{DB87C4DE-7A14-4D53-B6E9-4C718EFF8D87} = {E1958883-40A1-4D8F-8F85-08C7708097C4}
		{C93D6EB2-D165-4D99-94B1-4CE93DFB86D8} = {E1958883-40A1-4D8F-8F85-08C7708097C4}
		{B27DDCA3-C30C-47C5-8B5A-B0DEEFF6C039} = {D75BBB82-9CE6-4669-A8DB-77301955B63B}
		{8DBAAED7-2E39-4FCC-84C5-4818659EABC3} = {D75BBB82-9CE6-4669-A8DB-77301955B63B}
		{D97884E8-3524-4324-B4A9-9943ACDB1B65} = {D75BBB82-9CE6-4669-A8DB-77301955B63B}
		{D86ADE41-B44E-4286-9DF9-9A51806EF4FB} = {D75BBB82-9CE6-4669-A8DB-77301955B63B}
		{557CD587-00AF-4C74-8897-76ADA3D83109} = {D75BBB82-9CE6-4669-A8DB-77301955B63B}
		{41EEEA63-4955-48D8-9411-637256E529FF} = {D75BBB82-9CE6-4669-A8DB-77301955B63B}
		{709351EF-B885-43EE-8487-2B3A17003D44} = {D75BBB82-9CE6-4669-A8DB-77301955B63B}
		{EA207EF6-FC23-4600-AF51-32EC57B92556} = {D75BBB82-9CE6-4669-A8DB-77301955B63B}
		{E208BC3B-1D18-459E-B41F-BD1456EA2801} = {D75BBB82-9CE6-4669-A8DB-77301955B63B}
		{89394DA0-11BD-4A43-9C58-6B0C14368E85} = {D75BBB82-9CE6-4669-A8DB-77301955B63B}
		{45B7C7DC-4AE2-47A1-88EC-11F0AC0CA5DE} = {488D9337-9C4C-4D66-A5BA-CCCD185F0636}
		{5BC7E3DC-84C4-4C47-AB5F-1AFDCB1732E3} = {488D9337-9C4C-4D66-A5BA-CCCD185F0636}
		{6F927642-6F9F-46DF-839D-55C8EEE52C76} = {488D9337-9C4C-4D66-A5BA-CCCD185F0636}
		{6A547913-9EBB-4699-824F-134D98CAB9F8} = {488D9337-9C4C-4D66-A5BA-CCCD185F0636}
		{CFDD6DB5-3646-4C7D-A0B0-B7AEE5BCDE95} = {488D9337-9C4C-4D66-A5BA-CCCD185F0636}
		{21332988-3CDB-4EFA-ABBA-AFFB2EA5B6C9} = {488D9337-9C4C-4D66-A5BA-CCCD185F0636}
		{3112222F-325A-4F0B-8550-34FCC12AC8B2} = {488D9337-9C4C-4D66-A5BA-CCCD185F0636}
		{E161903C-38E0-4EA9-9A89-14B84F5E6C58} = {488D9337-9C4C-4D66-A5BA-CCCD185F0636}
		{B9D277AE-90E6-4070-96B9-388DDDAAE682} = {488D9337-9C4C-4D66-A5BA-CCCD185F0636}
		{940EE947-7A88-47AF-9CA6-823C395D91A8} = {488D9337-9C4C-4D66-A5BA-CCCD185F0636}
		{C791D216-EC15-4175-9B3C-C44AFA31B556} = {6A9940FC-1DAB-42D3-9CF7-C08171C59C64}
		{F5BF94C4-EB02-48A9-ADAE-24D27D43480F} = {6A9940FC-1DAB-42D3-9CF7-C08171C59C64}
		{4B7D1F37-AF7D-4B95-9D0D-416A7BFB9CA8} = {6A9940FC-1DAB-42D3-9CF7-C08171C59C64}
		{273CB9E0-BCAA-42E9-844A-CA3C1974310A} = {6A9940FC-1DAB-42D3-9CF7-C08171C59C64}
		{C13491F5-A9A4-47C1-8C9D-A5D954438166} = {6A9940FC-1DAB-42D3-9CF7-C08171C59C64}
		{1D2AD6D4-844D-4276-A1EF-1FE6B3936F7C} = {C791D216-EC15-4175-9B3C-C44AFA31B556}
		{221310C1-CE9B-431F-B6CE-82EC5B67B0AE} = {C791D216-EC15-4175-9B3C-C44AFA31B556}
		{7900A67C-31CA-43ED-8533-C1238C64B339} = {C791D216-EC15-4175-9B3C-C44AFA31B556}
		{CA4CEEDE-A6D7-4709-BA41-B05D68BC3E1E} = {C791D216-EC15-4175-9B3C-C44AFA31B556}
		{379A48CC-C6CB-4826-8E8C-AFFE9E3EF889} = {C791D216-EC15-4175-9B3C-C44AFA31B556}
		{5C68F00C-DF4B-47F1-B34E-2B0EBD1F6823} = {C791D216-EC15-4175-9B3C-C44AFA31B556}
		{3589CD5F-9051-441E-85A4-4F4FD5BDEEF6} = {C791D216-EC15-4175-9B3C-C44AFA31B556}
		{57607747-F42F-4B24-BC74-356EA7FB46D6} = {C791D216-EC15-4175-9B3C-C44AFA31B556}
		{AF92059D-B433-4563-AFDA-C0DF05588D8F} = {C791D216-EC15-4175-9B3C-C44AFA31B556}
		{AE4EB61B-EB92-4DFA-84EF-E82C77E7B23B} = {C791D216-EC15-4175-9B3C-C44AFA31B556}
		{D91684E4-EE86-46D9-9B03-11FDA1861771} = {F5BF94C4-EB02-48A9-ADAE-24D27D43480F}
		{0C4DA5F0-D1CC-4FCB-998F-71EB43B4B1E9} = {F5BF94C4-EB02-48A9-ADAE-24D27D43480F}
		{98C02D80-17FB-41B7-8A0F-E65F06A1D63F} = {F5BF94C4-EB02-48A9-ADAE-24D27D43480F}
		{99B20724-9D6C-4919-9A1F-CE944157E614} = {F5BF94C4-EB02-48A9-ADAE-24D27D43480F}
		{BF2AEB5E-17CC-45D7-88F0-45D1836786D9} = {F5BF94C4-EB02-48A9-ADAE-24D27D43480F}
		{EC91EC68-222A-45C9-853A-8058F9C9B0D9} = {F5BF94C4-EB02-48A9-ADAE-24D27D43480F}
		{14301148-65D5-443E-817E-FA45A283591E} = {F5BF94C4-EB02-48A9-ADAE-24D27D43480F}
		{B7F8992D-F7B1-49F8-8FE8-AF64090129EE} = {F5BF94C4-EB02-48A9-ADAE-24D27D43480F}
		{67ADF771-FB78-4F0C-8F14-121380EF31C6} = {F5BF94C4-EB02-48A9-ADAE-24D27D43480F}
		{10B4F085-5729-46F0-9F26-DA485274C61A} = {F5BF94C4-EB02-48A9-ADAE-24D27D43480F}
		{BB446353-BCC7-49FB-9043-FC34120C3CB2} = {4B7D1F37-AF7D-4B95-9D0D-416A7BFB9CA8}
		{29CA4241-D578-4695-BBF0-14579C3AB8B4} = {4B7D1F37-AF7D-4B95-9D0D-416A7BFB9CA8}
		{73D82AC8-EC6C-4A15-BB74-4052FC0C9942} = {4B7D1F37-AF7D-4B95-9D0D-416A7BFB9CA8}
		{A582122D-3EA1-4B2F-86E5-863F1D80E7DB} = {4B7D1F37-AF7D-4B95-9D0D-416A7BFB9CA8}
		{9F0A9A50-4156-4812-911A-01611B6F676B} = {4B7D1F37-AF7D-4B95-9D0D-416A7BFB9CA8}
		{E78B1346-881E-4F6D-9B45-40A451AAEEA8} = {4B7D1F37-AF7D-4B95-9D0D-416A7BFB9CA8}
		{D74FDFBC-1723-49AE-AAFC-98F30427FBD8} = {4B7D1F37-AF7D-4B95-9D0D-416A7BFB9CA8}
		{E13ED69C-9D50-4A3C-B731-206594246D07} = {4B7D1F37-AF7D-4B95-9D0D-416A7BFB9CA8}
		{B012655A-2A45-4DDE-B9DE-140F5A2168E0} = {4B7D1F37-AF7D-4B95-9D0D-416A7BFB9CA8}
		{1FD97191-7111-4EF1-B346-5529EC0B367A} = {4B7D1F37-AF7D-4B95-9D0D-416A7BFB9CA8}
		{BF6BBFAD-5875-4FA9-A6BB-CB69ED0BCEC7} = {273CB9E0-BCAA-42E9-844A-CA3C1974310A}
		{8BA4888B-E362-46A6-BBFC-416F143C9C3B} = {273CB9E0-BCAA-42E9-844A-CA3C1974310A}
		{6712D274-3A29-4C7B-A78F-C76A4CB00A01} = {273CB9E0-BCAA-42E9-844A-CA3C1974310A}
		{41BDA6D1-1E95-4704-AFA8-A9F9AFA4FEA7} = {273CB9E0-BCAA-42E9-844A-CA3C1974310A}
		{CA432BE0-AC86-4F31-B43C-0629C156CDA5} = {273CB9E0-BCAA-42E9-844A-CA3C1974310A}
		{E76EBA32-CA38-4AF7-8B9C-95612C192ED3} = {273CB9E0-BCAA-42E9-844A-CA3C1974310A}
		{CBC1B97E-F6AE-4ADD-953C-800A5A09D837} = {273CB9E0-BCAA-42E9-844A-CA3C1974310A}
		{BFF2E359-72DB-42C7-8ACD-998415FC85D2} = {273CB9E0-BCAA-42E9-844A-CA3C1974310A}
		{EC7C651D-FAA7-402B-AE17-F164F8D9DA75} = {273CB9E0-BCAA-42E9-844A-CA3C1974310A}
		{6F96D7B1-174F-4A36-9BC4-D84FF3E9D599} = {273CB9E0-BCAA-42E9-844A-CA3C1974310A}
		{207AD85E-5441-4134-BAFB-E0110C13168F} = {C13491F5-A9A4-47C1-8C9D-A5D954438166}
		{4385585A-AB15-4BE8-A851-FF6C8EE6EB16} = {C13491F5-A9A4-47C1-8C9D-A5D954438166}
		{92195F15-E2BF-490F-800C-B9CD97A59237} = {C13491F5-A9A4-47C1-8C9D-A5D954438166}
		{2EA47165-6E14-4F74-81A9-DC814CCDAE1E} = {C13491F5-A9A4-47C1-8C9D-A5D954438166}
		{DDE5279A-F816-4DFD-9326-6CBD87EF11A0} = {C13491F5-A9A4-47C1-8C9D-A5D954438166}
		{DA448B39-8050-4CD8-B2F1-4F54689A0EFA} = {C13491F5-A9A4-47C1-8C9D-A5D954438166}
		{8E1172E0-BFCD-4DC8-AB11-42D15F9AD9C2} = {C13491F5-A9A4-47C1-8C9D-A5D954438166}
		{F15AFEC3-A654-4608-8E31-3490289A1CFB} = {C13491F5-A9A4-47C1-8C9D-A5D954438166}
		{BD24DD00-B7E3-4DA3-8213-CB299209F6F9} = {C13491F5-A9A4-47C1-8C9D-A5D954438166}
		{851A0E32-A1E8-4BF6-99A7-20571BD0CD7B} = {C13491F5-A9A4-47C1-8C9D-A5D954438166}
		{8A4E3CA7-A28F-47C0-876B-944246A6C7D6} = {A6132E5C-96EB-4825-98F8-77701ECF4B79}
		{38A09486-F0C7-4A17-817C-F89CB857C69D} = {A6132E5C-96EB-4825-98F8-77701ECF4B79}
		{FFA31367-2ED1-4DC3-A0D0-5493A85B4314} = {A6132E5C-96EB-4825-98F8-77701ECF4B79}
		{23D37689-480E-4EFA-993A-2AC0D634FE9D} = {A6132E5C-96EB-4825-98F8-77701ECF4B79}
		{60456731-AB96-45AB-ADB9-788A7B26E929} = {A6132E5C-96EB-4825-98F8-77701ECF4B79}
		{004BCC60-EB02-40D3-B2A2-06AF9FC499C7} = {A6132E5C-96EB-4825-98F8-77701ECF4B79}
		{6E93094A-6E9B-45FE-A27A-74B9E40567B6} = {A6132E5C-96EB-4825-98F8-77701ECF4B79}
		{C2A4C880-A055-4799-B034-2275A0236334} = {A6132E5C-96EB-4825-98F8-77701ECF4B79}
		{24A52B75-457B-4909-B302-EE7EBAEDF509} = {8A4E3CA7-A28F-47C0-876B-944246A6C7D6}
		{373C3948-848D-4FB0-975F-065AB2697FBD} = {8A4E3CA7-A28F-47C0-876B-944246A6C7D6}
		{4CA61714-40EB-48FE-A11B-3CFB1358970C} = {8A4E3CA7-A28F-47C0-876B-944246A6C7D6}
		{CF19672F-4CAB-4153-9E3A-6E235D096D70} = {8A4E3CA7-A28F-47C0-876B-944246A6C7D6}
		{B1F615E6-12F5-4FBE-B9C1-8ED036897EC8} = {8A4E3CA7-A28F-47C0-876B-944246A6C7D6}
		{6454ED01-8C56-495D-B7F7-B1BC58622665} = {8A4E3CA7-A28F-47C0-876B-944246A6C7D6}
		{9653E9F7-6BBE-45CF-8EE1-8F40D07C70CC} = {8A4E3CA7-A28F-47C0-876B-944246A6C7D6}
		{D4BBEE6D-9B6C-4236-B5DF-DA04E111295A} = {8A4E3CA7-A28F-47C0-876B-944246A6C7D6}
		{8C673211-E56D-4F37-A2F6-436A14999F93} = {8A4E3CA7-A28F-47C0-876B-944246A6C7D6}
		{BD3B7621-23D9-40A4-8651-C1585B5D81DE} = {8A4E3CA7-A28F-47C0-876B-944246A6C7D6}
		{9DA44292-E8F0-46DE-B518-E58F2EAA7795} = {38A09486-F0C7-4A17-817C-F89CB857C69D}
		{CD7D1F9B-1BB5-41EE-AF34-02120AB02035} = {38A09486-F0C7-4A17-817C-F89CB857C69D}
		{FB4C573C-0C75-48C9-8D91-E79FF7035831} = {38A09486-F0C7-4A17-817C-F89CB857C69D}
		{4FEEB0D1-D63E-401F-B82F-03E2506EE774} = {38A09486-F0C7-4A17-817C-F89CB857C69D}
		{06262F03-F5DA-4824-9252-0127FC9A3ECD} = {38A09486-F0C7-4A17-817C-F89CB857C69D}
		{6BD7B0AF-9C95-46CA-91B3-A59776017058} = {38A09486-F0C7-4A17-817C-F89CB857C69D}
		{FBE7E364-AAED-4F5E-BF0A-00778AE185F5} = {38A09486-F0C7-4A17-817C-F89CB857C69D}
		{ED55BA88-331C-4ABF-9174-DA4D6E91305A} = {38A09486-F0C7-4A17-817C-F89CB857C69D}
		{D839B11C-5A79-417F-9C64-C482A5EA4A71} = {38A09486-F0C7-4A17-817C-F89CB857C69D}
		{4B7392D8-8C49-439F-B36F-F6A9B4AEB8D7} = {38A09486-F0C7-4A17-817C-F89CB857C69D}
		{A16486F8-59DE-40A4-9A35-E7B7C1F2E9C1} = {23D37689-480E-4EFA-993A-2AC0D634FE9D}
		{1A1611EB-8911-4177-A2F3-1586446708A7} = {23D37689-480E-4EFA-993A-2AC0D634FE9D}
		{7CF6F3A9-485D-4014-A3B7-B9AB3F01F0F4} = {23D37689-480E-4EFA-993A-2AC0D634FE9D}
		{E964AEDB-ED3C-40A6-961A-D9E084B06655} = {23D37689-480E-4EFA-993A-2AC0D634FE9D}
		{62BD6DB5-D369-451F-98DE-452B880317C6} = {23D37689-480E-4EFA-993A-2AC0D634FE9D}
		{E2034900-ED91-4532-AC43-2108F318CE19} = {23D37689-480E-4EFA-993A-2AC0D634FE9D}
		{B85FE7F3-7481-40D1-8DFB-3619FAED0C9F} = {23D37689-480E-4EFA-993A-2AC0D634FE9D}
		{E781E0F6-F074-4E06-8947-4D391B1156EC} = {23D37689-480E-4EFA-993A-2AC0D634FE9D}
		{7020CDC1-566A-4927-B851-4885227417BB} = {23D37689-480E-4EFA-993A-2AC0D634FE9D}
		{DA49F718-9EE0-4CCE-B037-83846DEE1293} = {23D37689-480E-4EFA-993A-2AC0D634FE9D}
		{0FB65CB0-FAB2-4996-8D71-76FD3C9BA29A} = {60456731-AB96-45AB-ADB9-788A7B26E929}
		{41E52462-F5DF-4ECE-BEB6-EDE2CC6C75E5} = {60456731-AB96-45AB-ADB9-788A7B26E929}
		{2C11011D-F860-43CB-8747-7B505E659617} = {60456731-AB96-45AB-ADB9-788A7B26E929}
		{2E6CCFD2-AE11-49DE-8DA6-7396B7BC51D1} = {60456731-AB96-45AB-ADB9-788A7B26E929}
		{755038D3-64A2-41BD-9477-402B71890CEF} = {60456731-AB96-45AB-ADB9-788A7B26E929}
		{07544544-510B-4508-AFEA-7373B176918B} = {60456731-AB96-45AB-ADB9-788A7B26E929}
		{6EC58A16-E684-48AA-8A3B-B2E7B302D12B} = {60456731-AB96-45AB-ADB9-788A7B26E929}
		{8B0B8B84-02E1-4F38-9C3C-B865F49FFBD0} = {60456731-AB96-45AB-ADB9-788A7B26E929}
		{4FC7AF7C-CCE5-4004-99DA-C7FCD519BDA8} = {60456731-AB96-45AB-ADB9-788A7B26E929}
		{8E8BE4F9-FB64-487A-868C-185481816AF7} = {60456731-AB96-45AB-ADB9-788A7B26E929}
		{2EC99A11-78D4-4C9B-9A49-0AFFFC049C3C} = {004BCC60-EB02-40D3-B2A2-06AF9FC499C7}
		{1E22C94D-390B-4157-9948-1896509E2904} = {004BCC60-EB02-40D3-B2A2-06AF9FC499C7}
		{9E3DE383-09C5-4DAB-A327-F294A24267CA} = {004BCC60-EB02-40D3-B2A2-06AF9FC499C7}
		{62D8BB52-2E22-45A2-A09C-DEF93C310AF3} = {004BCC60-EB02-40D3-B2A2-06AF9FC499C7}
		{7B8F668F-25FD-454C-9DF7-A3C29F33C7C9} = {004BCC60-EB02-40D3-B2A2-06AF9FC499C7}
		{9C21D6AE-1452-4F09-8E67-164B392B4FC4} = {004BCC60-EB02-40D3-B2A2-06AF9FC499C7}
		{3A6E10A5-1B01-4471-B4C7-076EE178419F} = {004BCC60-EB02-40D3-B2A2-06AF9FC499C7}
		{9817D590-9195-40BD-9C41-3FB2E477B449} = {004BCC60-EB02-40D3-B2A2-06AF9FC499C7}
		{1FC8BD94-5F1F-458A-ABCE-491A3CDEE86C} = {004BCC60-EB02-40D3-B2A2-06AF9FC499C7}
		{022C1BD7-5C27-4171-B2F3-6E46EA55B35A} = {004BCC60-EB02-40D3-B2A2-06AF9FC499C7}
		{AC599A54-6FF1-48E0-AAC6-0DAC76EEC1D2} = {6E93094A-6E9B-45FE-A27A-74B9E40567B6}
		{129D0FB5-5282-4048-9399-3FE340BA3ABA} = {6E93094A-6E9B-45FE-A27A-74B9E40567B6}
		{FFD0451D-3E7F-4B4C-AF69-025CDAC47435} = {6E93094A-6E9B-45FE-A27A-74B9E40567B6}
		{54D3C329-23D2-457F-9DC1-0D219F0FD26E} = {6E93094A-6E9B-45FE-A27A-74B9E40567B6}
		{43916103-B043-4D74-B8B6-4D992676ED45} = {6E93094A-6E9B-45FE-A27A-74B9E40567B6}
		{C4FAA3BF-D4AC-4CE4-9F53-211FF916AC80} = {6E93094A-6E9B-45FE-A27A-74B9E40567B6}
		{862DCA3B-FF36-4073-9990-477376F10CDC} = {6E93094A-6E9B-45FE-A27A-74B9E40567B6}
		{C91CCF9C-3008-4232-95A1-9F962F4E2B07} = {6E93094A-6E9B-45FE-A27A-74B9E40567B6}
		{37C8DA6A-14E4-4595-81C8-8FE25995B36E} = {6E93094A-6E9B-45FE-A27A-74B9E40567B6}
		{19264EE0-FD6A-48EC-832D-7F2A17DBDBC1} = {6E93094A-6E9B-45FE-A27A-74B9E40567B6}
		{4FF77D3E-D3DB-4C86-ACBE-7A21AA133F7A} = {C2A4C880-A055-4799-B034-2275A0236334}
		{8540B447-F75F-4F1E-9744-1AD052EF04ED} = {C2A4C880-A055-4799-B034-2275A0236334}
		{D3DF0A58-24F9-468A-8F01-7618C251DD02} = {C2A4C880-A055-4799-B034-2275A0236334}
		{715D3282-B57F-4622-87B7-977F3EF141C8} = {C2A4C880-A055-4799-B034-2275A0236334}
		{8C7D0235-2522-43E9-B017-43916CB4DE2A} = {C2A4C880-A055-4799-B034-2275A0236334}
		{67CCAA21-C24E-424F-8309-5AC69F0F0015} = {C2A4C880-A055-4799-B034-2275A0236334}
		{1B241B92-5FF2-4767-8D97-46503F52128C} = {C2A4C880-A055-4799-B034-2275A0236334}
		{719FD349-F95D-4CB5-A41E-A8AA776EBFC8} = {C2A4C880-A055-4799-B034-2275A0236334}
		{860D7244-6862-4289-BA46-F4BAACA23568} = {C2A4C880-A055-4799-B034-2275A0236334}
		{CCCF0F9B-16E5-421A-A57E-41C9F65CD495} = {C2A4C880-A055-4799-B034-2275A0236334}
		{A1C255BA-D6F6-4761-94D5-056F90D93C8E} = {B6AF4878-B39B-4E03-A507-0E2554F3BD1C}
		{A48AA0DE-0880-4C60-BE47-922AFEF9D473} = {A1C255BA-D6F6-4761-94D5-056F90D93C8E}
		{3AAED116-4A00-4010-B766-EE389BB544B0} = {B6AF4878-B39B-4E03-A507-0E2554F3BD1C}
		{F5A74AF4-5DFE-49A2-B453-5717D9005BE9} = {D7064969-D0BD-4C68-8E98-7A7CC14F6BC3}
		{F200B4C5-A2D1-457F-AC29-8A39D7AB270E} = {D7064969-D0BD-4C68-8E98-7A7CC14F6BC3}
		{F711CB4B-C667-48D7-9C79-4AFE7AC2021B} = {D7064969-D0BD-4C68-8E98-7A7CC14F6BC3}
		{D387097E-8D67-4DCF-9AF7-3CEA614A7CBE} = {24A52B75-457B-4909-B302-EE7EBAEDF509}
		{3E348903-7205-4279-8A83-810076B9F493} = {181E895A-399C-4F3C-BCE7-94AC75992A37}
		{F3F25AD6-4378-42D7-B657-C3B856039A4C} = {181E895A-399C-4F3C-BCE7-94AC75992A37}
		{05E7F441-04C8-403D-B5D6-56C38457EAAF} = {181E895A-399C-4F3C-BCE7-94AC75992A37}
		{DD2B583D-B3A9-4D7A-A015-C73B4A76E684} = {05E7F441-04C8-403D-B5D6-56C38457EAAF}
		{113E8E4C-A555-4193-8313-0F59B8540F26} = {05E7F441-04C8-403D-B5D6-56C38457EAAF}
		{DB7C1B56-861C-41CC-9C48-6720D32F2D53} = {05E7F441-04C8-403D-B5D6-56C38457EAAF}
		{8AD0C2FB-3C97-42D8-848E-F4F02973F784} = {05E7F441-04C8-403D-B5D6-56C38457EAAF}
		{E2FFD391-C417-4F99-9C13-B4F6CA1CD58A} = {05E7F441-04C8-403D-B5D6-56C38457EAAF}
		{89788EE4-4DF2-4F84-95C4-CD26B3FF69CF} = {DD2B583D-B3A9-4D7A-A015-C73B4A76E684}
		{54166016-5D7D-497C-8328-896C19AD1617} = {89788EE4-4DF2-4F84-95C4-CD26B3FF69CF}
		{30440FF7-067E-42F2-A0F4-ED04E0F064DD} = {B94970A5-2466-4121-BAEB-37F17DB8BEA5}
		{86956D94-7C32-4CA1-8E0B-E7C52C033065} = {3AAED116-4A00-4010-B766-EE389BB544B0}
		{459FBC75-6673-41E3-A623-099C29E4E111} = {3AAED116-4A00-4010-B766-EE389BB544B0}
		{04062B9C-7A3A-4A75-B2A3-E76DD861D40D} = {B6AF4878-B39B-4E03-A507-0E2554F3BD1C}
		{05DC0AAA-BFE6-42D3-8209-B7D55FBD2D99} = {04062B9C-7A3A-4A75-B2A3-E76DD861D40D}
		{2346105F-1E94-4841-952A-2BC6CC7F7EE0} = {B6AF4878-B39B-4E03-A507-0E2554F3BD1C}
		{C4B0BC6C-3EAB-4949-8DE2-38B75CBF5D4A} = {2346105F-1E94-4841-952A-2BC6CC7F7EE0}
	EndGlobalSection
	GlobalSection(ExtensibilityGlobals) = postSolution
		SolutionGuid = {17C34DD0-08EF-4D64-966A-0101851FFEB8}
	EndGlobalSection
EndGlobal
